// !$*UTF8*$!
{
	archiveVersion = 1;
	classes = {
	};
	objectVersion = 55;
	objects = {

/* Begin PBXBuildFile section */
		C7AC3C2B2852215600184489 /* hikeData.json in Resources */ = {isa = PBXBuildFile; fileRef = C7AC3C2A2852215600184489 /* hikeData.json */; };
		C7AC3C2D285221AE00184489 /* Hike.swift in Sources */ = {isa = PBXBuildFile; fileRef = C7AC3C2C285221AE00184489 /* Hike.swift */; };
		C7AC3C3528522D4E00184489 /* GraphCapsule.swift in Sources */ = {isa = PBXBuildFile; fileRef = C7AC3C3128522D4E00184489 /* GraphCapsule.swift */; };
		C7AC3C3628522D4E00184489 /* HikeGraph.swift in Sources */ = {isa = PBXBuildFile; fileRef = C7AC3C3228522D4E00184489 /* HikeGraph.swift */; };
		C7AC3C3728522D4E00184489 /* HikeDetail.swift in Sources */ = {isa = PBXBuildFile; fileRef = C7AC3C3328522D4E00184489 /* HikeDetail.swift */; };
		C7AC3C3828522D4E00184489 /* HikeView.swift in Sources */ = {isa = PBXBuildFile; fileRef = C7AC3C3428522D4E00184489 /* HikeView.swift */; };
		F909480528514ACC0060786C /* RotatedBadgeSymbol.swift in Sources */ = {isa = PBXBuildFile; fileRef = F909480428514ACC0060786C /* RotatedBadgeSymbol.swift */; };
		F909480728514B190060786C /* Badge.swift in Sources */ = {isa = PBXBuildFile; fileRef = F909480628514B190060786C /* Badge.swift */; };
		F91EB18528554BC200DDC708 /* PageViewController.swift in Sources */ = {isa = PBXBuildFile; fileRef = F91EB18428554BC200DDC708 /* PageViewController.swift */; };
		F91EB18728554E2000DDC708 /* FeatureCard.swift in Sources */ = {isa = PBXBuildFile; fileRef = F91EB18628554E2000DDC708 /* FeatureCard.swift */; };
		F91EB18928554F9F00DDC708 /* PageView.swift in Sources */ = {isa = PBXBuildFile; fileRef = F91EB18828554F9F00DDC708 /* PageView.swift */; };
		F92D56092850009400D5AA5A /* HexagonParameters.swift in Sources */ = {isa = PBXBuildFile; fileRef = F92D56082850009400D5AA5A /* HexagonParameters.swift */; };
		F92D560B2850023C00D5AA5A /* BadgeBackground.swift in Sources */ = {isa = PBXBuildFile; fileRef = F92D560A2850023C00D5AA5A /* BadgeBackground.swift */; };
		F92D560D28500A2100D5AA5A /* BadgeSymbol.swift in Sources */ = {isa = PBXBuildFile; fileRef = F92D560C28500A2100D5AA5A /* BadgeSymbol.swift */; };
		F92F35242852501E0037500E /* CategoryHome.swift in Sources */ = {isa = PBXBuildFile; fileRef = F92F35232852501E0037500E /* CategoryHome.swift */; };
		F92F35262852517B0037500E /* CategoryRow.swift in Sources */ = {isa = PBXBuildFile; fileRef = F92F35252852517B0037500E /* CategoryRow.swift */; };
		F92F35282852802B0037500E /* CategoryItem.swift in Sources */ = {isa = PBXBuildFile; fileRef = F92F35272852802B0037500E /* CategoryItem.swift */; };
		F92F352A285283600037500E /* Profile.swift in Sources */ = {isa = PBXBuildFile; fileRef = F92F3529285283600037500E /* Profile.swift */; };
		F92F352D285283FF0037500E /* ProfileHost.swift in Sources */ = {isa = PBXBuildFile; fileRef = F92F352C285283FF0037500E /* ProfileHost.swift */; };
		F92F352F285284340037500E /* ProfileSummary.swift in Sources */ = {isa = PBXBuildFile; fileRef = F92F352E285284340037500E /* ProfileSummary.swift */; };
		F92F3531285285130037500E /* HikeBadge.swift in Sources */ = {isa = PBXBuildFile; fileRef = F92F3530285285130037500E /* HikeBadge.swift */; };
		F92F3533285288AF0037500E /* ProfileEditor.swift in Sources */ = {isa = PBXBuildFile; fileRef = F92F3532285288AF0037500E /* ProfileEditor.swift */; };
		F989919D284E9F400044037B /* FavoriteButton.swift in Sources */ = {isa = PBXBuildFile; fileRef = F989919C284E9F400044037B /* FavoriteButton.swift */; };
		F9F9036A284BBF2D005EDC32 /* LandmarksApp.swift in Sources */ = {isa = PBXBuildFile; fileRef = F9F90369284BBF2D005EDC32 /* LandmarksApp.swift */; };
		F9F9036C284BBF2D005EDC32 /* ContentView.swift in Sources */ = {isa = PBXBuildFile; fileRef = F9F9036B284BBF2D005EDC32 /* ContentView.swift */; };
		F9F9036E284BBF2E005EDC32 /* Assets.xcassets in Resources */ = {isa = PBXBuildFile; fileRef = F9F9036D284BBF2E005EDC32 /* Assets.xcassets */; };
		F9F90371284BBF2E005EDC32 /* Preview Assets.xcassets in Resources */ = {isa = PBXBuildFile; fileRef = F9F90370284BBF2E005EDC32 /* Preview Assets.xcassets */; };
		F9F9037B284BBF2F005EDC32 /* LandmarksTests.swift in Sources */ = {isa = PBXBuildFile; fileRef = F9F9037A284BBF2F005EDC32 /* LandmarksTests.swift */; };
		F9F90385284BBF2F005EDC32 /* LandmarksUITests.swift in Sources */ = {isa = PBXBuildFile; fileRef = F9F90384284BBF2F005EDC32 /* LandmarksUITests.swift */; };
		F9F90387284BBF2F005EDC32 /* LandmarksUITestsLaunchTests.swift in Sources */ = {isa = PBXBuildFile; fileRef = F9F90386284BBF2F005EDC32 /* LandmarksUITestsLaunchTests.swift */; };
		F9F90394284BC272005EDC32 /* CircleImage.swift in Sources */ = {isa = PBXBuildFile; fileRef = F9F90393284BC272005EDC32 /* CircleImage.swift */; };
		F9F90396284BC3C3005EDC32 /* MapView.swift in Sources */ = {isa = PBXBuildFile; fileRef = F9F90395284BC3C3005EDC32 /* MapView.swift */; };
		F9F90398284C17F7005EDC32 /* landmarkData.json in Resources */ = {isa = PBXBuildFile; fileRef = F9F90397284C17F7005EDC32 /* landmarkData.json */; };
		F9F9039A284C181A005EDC32 /* Landmark.swift in Sources */ = {isa = PBXBuildFile; fileRef = F9F90399284C181A005EDC32 /* Landmark.swift */; };
		F9F9039C284C190A005EDC32 /* ModelData.swift in Sources */ = {isa = PBXBuildFile; fileRef = F9F9039B284C190A005EDC32 /* ModelData.swift */; };
		F9F903A1284D2D45005EDC32 /* LandmarkRow.swift in Sources */ = {isa = PBXBuildFile; fileRef = F9F903A0284D2D45005EDC32 /* LandmarkRow.swift */; };
		F9F903A3284D2EA6005EDC32 /* LandmarkList.swift in Sources */ = {isa = PBXBuildFile; fileRef = F9F903A2284D2EA6005EDC32 /* LandmarkList.swift */; };
		F9F903A5284D2F1F005EDC32 /* LandmarkDetail.swift in Sources */ = {isa = PBXBuildFile; fileRef = F9F903A4284D2F1F005EDC32 /* LandmarkDetail.swift */; };
/* End PBXBuildFile section */

/* Begin PBXContainerItemProxy section */
		F9F90377284BBF2F005EDC32 /* PBXContainerItemProxy */ = {
			isa = PBXContainerItemProxy;
			containerPortal = F9F9035E284BBF2D005EDC32 /* Project object */;
			proxyType = 1;
			remoteGlobalIDString = F9F90365284BBF2D005EDC32;
			remoteInfo = Landmarks;
		};
		F9F90381284BBF2F005EDC32 /* PBXContainerItemProxy */ = {
			isa = PBXContainerItemProxy;
			containerPortal = F9F9035E284BBF2D005EDC32 /* Project object */;
			proxyType = 1;
			remoteGlobalIDString = F9F90365284BBF2D005EDC32;
			remoteInfo = Landmarks;
		};
/* End PBXContainerItemProxy section */

/* Begin PBXFileReference section */
		C7AC3C2A2852215600184489 /* hikeData.json */ = {isa = PBXFileReference; fileEncoding = 4; lastKnownFileType = text.json; path = hikeData.json; sourceTree = "<group>"; };
		C7AC3C2C285221AE00184489 /* Hike.swift */ = {isa = PBXFileReference; lastKnownFileType = sourcecode.swift; path = Hike.swift; sourceTree = "<group>"; };
		C7AC3C3128522D4E00184489 /* GraphCapsule.swift */ = {isa = PBXFileReference; fileEncoding = 4; lastKnownFileType = sourcecode.swift; path = GraphCapsule.swift; sourceTree = "<group>"; };
		C7AC3C3228522D4E00184489 /* HikeGraph.swift */ = {isa = PBXFileReference; fileEncoding = 4; lastKnownFileType = sourcecode.swift; path = HikeGraph.swift; sourceTree = "<group>"; };
		C7AC3C3328522D4E00184489 /* HikeDetail.swift */ = {isa = PBXFileReference; fileEncoding = 4; lastKnownFileType = sourcecode.swift; path = HikeDetail.swift; sourceTree = "<group>"; };
		C7AC3C3428522D4E00184489 /* HikeView.swift */ = {isa = PBXFileReference; fileEncoding = 4; lastKnownFileType = sourcecode.swift; path = HikeView.swift; sourceTree = "<group>"; };
		F909480428514ACC0060786C /* RotatedBadgeSymbol.swift */ = {isa = PBXFileReference; lastKnownFileType = sourcecode.swift; path = RotatedBadgeSymbol.swift; sourceTree = "<group>"; };
		F909480628514B190060786C /* Badge.swift */ = {isa = PBXFileReference; lastKnownFileType = sourcecode.swift; path = Badge.swift; sourceTree = "<group>"; };
		F91EB18428554BC200DDC708 /* PageViewController.swift */ = {isa = PBXFileReference; lastKnownFileType = sourcecode.swift; path = PageViewController.swift; sourceTree = "<group>"; };
		F91EB18628554E2000DDC708 /* FeatureCard.swift */ = {isa = PBXFileReference; lastKnownFileType = sourcecode.swift; path = FeatureCard.swift; sourceTree = "<group>"; };
		F91EB18828554F9F00DDC708 /* PageView.swift */ = {isa = PBXFileReference; lastKnownFileType = sourcecode.swift; path = PageView.swift; sourceTree = "<group>"; };
		F92D56082850009400D5AA5A /* HexagonParameters.swift */ = {isa = PBXFileReference; lastKnownFileType = sourcecode.swift; path = HexagonParameters.swift; sourceTree = "<group>"; };
		F92D560A2850023C00D5AA5A /* BadgeBackground.swift */ = {isa = PBXFileReference; lastKnownFileType = sourcecode.swift; path = BadgeBackground.swift; sourceTree = "<group>"; };
		F92D560C28500A2100D5AA5A /* BadgeSymbol.swift */ = {isa = PBXFileReference; lastKnownFileType = sourcecode.swift; path = BadgeSymbol.swift; sourceTree = "<group>"; };
		F92F35232852501E0037500E /* CategoryHome.swift */ = {isa = PBXFileReference; lastKnownFileType = sourcecode.swift; path = CategoryHome.swift; sourceTree = "<group>"; };
		F92F35252852517B0037500E /* CategoryRow.swift */ = {isa = PBXFileReference; lastKnownFileType = sourcecode.swift; path = CategoryRow.swift; sourceTree = "<group>"; };
		F92F35272852802B0037500E /* CategoryItem.swift */ = {isa = PBXFileReference; lastKnownFileType = sourcecode.swift; path = CategoryItem.swift; sourceTree = "<group>"; };
		F92F3529285283600037500E /* Profile.swift */ = {isa = PBXFileReference; lastKnownFileType = sourcecode.swift; path = Profile.swift; sourceTree = "<group>"; };
		F92F352C285283FF0037500E /* ProfileHost.swift */ = {isa = PBXFileReference; lastKnownFileType = sourcecode.swift; path = ProfileHost.swift; sourceTree = "<group>"; };
		F92F352E285284340037500E /* ProfileSummary.swift */ = {isa = PBXFileReference; lastKnownFileType = sourcecode.swift; path = ProfileSummary.swift; sourceTree = "<group>"; };
		F92F3530285285130037500E /* HikeBadge.swift */ = {isa = PBXFileReference; lastKnownFileType = sourcecode.swift; path = HikeBadge.swift; sourceTree = "<group>"; };
		F92F3532285288AF0037500E /* ProfileEditor.swift */ = {isa = PBXFileReference; lastKnownFileType = sourcecode.swift; path = ProfileEditor.swift; sourceTree = "<group>"; };
		F989919C284E9F400044037B /* FavoriteButton.swift */ = {isa = PBXFileReference; lastKnownFileType = sourcecode.swift; path = FavoriteButton.swift; sourceTree = "<group>"; };
		F9F90366284BBF2D005EDC32 /* Landmarks.app */ = {isa = PBXFileReference; explicitFileType = wrapper.application; includeInIndex = 0; path = Landmarks.app; sourceTree = BUILT_PRODUCTS_DIR; };
		F9F90369284BBF2D005EDC32 /* LandmarksApp.swift */ = {isa = PBXFileReference; lastKnownFileType = sourcecode.swift; path = LandmarksApp.swift; sourceTree = "<group>"; };
		F9F9036B284BBF2D005EDC32 /* ContentView.swift */ = {isa = PBXFileReference; lastKnownFileType = sourcecode.swift; path = ContentView.swift; sourceTree = "<group>"; };
		F9F9036D284BBF2E005EDC32 /* Assets.xcassets */ = {isa = PBXFileReference; lastKnownFileType = folder.assetcatalog; path = Assets.xcassets; sourceTree = "<group>"; };
		F9F90370284BBF2E005EDC32 /* Preview Assets.xcassets */ = {isa = PBXFileReference; lastKnownFileType = folder.assetcatalog; path = "Preview Assets.xcassets"; sourceTree = "<group>"; };
		F9F90376284BBF2F005EDC32 /* LandmarksTests.xctest */ = {isa = PBXFileReference; explicitFileType = wrapper.cfbundle; includeInIndex = 0; path = LandmarksTests.xctest; sourceTree = BUILT_PRODUCTS_DIR; };
		F9F9037A284BBF2F005EDC32 /* LandmarksTests.swift */ = {isa = PBXFileReference; lastKnownFileType = sourcecode.swift; path = LandmarksTests.swift; sourceTree = "<group>"; };
		F9F90380284BBF2F005EDC32 /* LandmarksUITests.xctest */ = {isa = PBXFileReference; explicitFileType = wrapper.cfbundle; includeInIndex = 0; path = LandmarksUITests.xctest; sourceTree = BUILT_PRODUCTS_DIR; };
		F9F90384284BBF2F005EDC32 /* LandmarksUITests.swift */ = {isa = PBXFileReference; lastKnownFileType = sourcecode.swift; path = LandmarksUITests.swift; sourceTree = "<group>"; };
		F9F90386284BBF2F005EDC32 /* LandmarksUITestsLaunchTests.swift */ = {isa = PBXFileReference; lastKnownFileType = sourcecode.swift; path = LandmarksUITestsLaunchTests.swift; sourceTree = "<group>"; };
		F9F90393284BC272005EDC32 /* CircleImage.swift */ = {isa = PBXFileReference; lastKnownFileType = sourcecode.swift; path = CircleImage.swift; sourceTree = "<group>"; };
		F9F90395284BC3C3005EDC32 /* MapView.swift */ = {isa = PBXFileReference; lastKnownFileType = sourcecode.swift; path = MapView.swift; sourceTree = "<group>"; };
		F9F90397284C17F7005EDC32 /* landmarkData.json */ = {isa = PBXFileReference; fileEncoding = 4; lastKnownFileType = text.json; path = landmarkData.json; sourceTree = "<group>"; };
		F9F90399284C181A005EDC32 /* Landmark.swift */ = {isa = PBXFileReference; lastKnownFileType = sourcecode.swift; path = Landmark.swift; sourceTree = "<group>"; };
		F9F9039B284C190A005EDC32 /* ModelData.swift */ = {isa = PBXFileReference; lastKnownFileType = sourcecode.swift; path = ModelData.swift; sourceTree = "<group>"; };
		F9F903A0284D2D45005EDC32 /* LandmarkRow.swift */ = {isa = PBXFileReference; lastKnownFileType = sourcecode.swift; path = LandmarkRow.swift; sourceTree = "<group>"; };
		F9F903A2284D2EA6005EDC32 /* LandmarkList.swift */ = {isa = PBXFileReference; lastKnownFileType = sourcecode.swift; path = LandmarkList.swift; sourceTree = "<group>"; };
		F9F903A4284D2F1F005EDC32 /* LandmarkDetail.swift */ = {isa = PBXFileReference; lastKnownFileType = sourcecode.swift; path = LandmarkDetail.swift; sourceTree = "<group>"; };
/* End PBXFileReference section */

/* Begin PBXFrameworksBuildPhase section */
		F9F90363284BBF2D005EDC32 /* Frameworks */ = {
			isa = PBXFrameworksBuildPhase;
			buildActionMask = 2147483647;
			files = (
			);
			runOnlyForDeploymentPostprocessing = 0;
		};
		F9F90373284BBF2F005EDC32 /* Frameworks */ = {
			isa = PBXFrameworksBuildPhase;
			buildActionMask = 2147483647;
			files = (
			);
			runOnlyForDeploymentPostprocessing = 0;
		};
		F9F9037D284BBF2F005EDC32 /* Frameworks */ = {
			isa = PBXFrameworksBuildPhase;
			buildActionMask = 2147483647;
			files = (
			);
			runOnlyForDeploymentPostprocessing = 0;
		};
/* End PBXFrameworksBuildPhase section */

/* Begin PBXGroup section */
		C7AC3C3028522D4E00184489 /* Hikes */ = {
			isa = PBXGroup;
			children = (
				C7AC3C3128522D4E00184489 /* GraphCapsule.swift */,
				C7AC3C3228522D4E00184489 /* HikeGraph.swift */,
				C7AC3C3328522D4E00184489 /* HikeDetail.swift */,
				C7AC3C3428522D4E00184489 /* HikeView.swift */,
			);
			path = Hikes;
			sourceTree = "<group>";
		};
		F909480828514C190060786C /* Badges */ = {
			isa = PBXGroup;
			children = (
				F92D56082850009400D5AA5A /* HexagonParameters.swift */,
				F92D560A2850023C00D5AA5A /* BadgeBackground.swift */,
				F92D560C28500A2100D5AA5A /* BadgeSymbol.swift */,
				F909480428514ACC0060786C /* RotatedBadgeSymbol.swift */,
				F909480628514B190060786C /* Badge.swift */,
			);
			path = Badges;
			sourceTree = "<group>";
		};
		F91EB18328554BB300DDC708 /* PageView */ = {
			isa = PBXGroup;
			children = (
				F91EB18428554BC200DDC708 /* PageViewController.swift */,
				F91EB18628554E2000DDC708 /* FeatureCard.swift */,
				F91EB18828554F9F00DDC708 /* PageView.swift */,
			);
			path = PageView;
			sourceTree = "<group>";
		};
		F92F3522285250150037500E /* Categories */ = {
			isa = PBXGroup;
			children = (
				F92F35232852501E0037500E /* CategoryHome.swift */,
				F92F35252852517B0037500E /* CategoryRow.swift */,
				F92F35272852802B0037500E /* CategoryItem.swift */,
			);
			path = Categories;
			sourceTree = "<group>";
		};
		F92F352B285283F60037500E /* Profiles */ = {
			isa = PBXGroup;
			children = (
				F92F352C285283FF0037500E /* ProfileHost.swift */,
				F92F3530285285130037500E /* HikeBadge.swift */,
				F92F352E285284340037500E /* ProfileSummary.swift */,
				F92F3532285288AF0037500E /* ProfileEditor.swift */,
			);
			path = Profiles;
			sourceTree = "<group>";
		};
		F989919E284E9FC50044037B /* Helpers */ = {
			isa = PBXGroup;
			children = (
				F9F90393284BC272005EDC32 /* CircleImage.swift */,
				F9F90395284BC3C3005EDC32 /* MapView.swift */,
				F989919C284E9F400044037B /* FavoriteButton.swift */,
			);
			path = Helpers;
			sourceTree = "<group>";
		};
		F989919F284E9FCD0044037B /* Landmarks */ = {
			isa = PBXGroup;
			children = (
				F9F903A0284D2D45005EDC32 /* LandmarkRow.swift */,
				F9F903A2284D2EA6005EDC32 /* LandmarkList.swift */,
				F9F903A4284D2F1F005EDC32 /* LandmarkDetail.swift */,
			);
			path = Landmarks;
			sourceTree = "<group>";
		};
		F9F9035D284BBF2D005EDC32 = {
			isa = PBXGroup;
			children = (
				F9F90368284BBF2D005EDC32 /* Landmarks */,
				F9F90379284BBF2F005EDC32 /* LandmarksTests */,
				F9F90383284BBF2F005EDC32 /* LandmarksUITests */,
				F9F90367284BBF2D005EDC32 /* Products */,
			);
			sourceTree = "<group>";
		};
		F9F90367284BBF2D005EDC32 /* Products */ = {
			isa = PBXGroup;
			children = (
				F9F90366284BBF2D005EDC32 /* Landmarks.app */,
				F9F90376284BBF2F005EDC32 /* LandmarksTests.xctest */,
				F9F90380284BBF2F005EDC32 /* LandmarksUITests.xctest */,
			);
			name = Products;
			sourceTree = "<group>";
		};
		F9F90368284BBF2D005EDC32 /* Landmarks */ = {
			isa = PBXGroup;
			children = (
				F9F9039F284C1A05005EDC32 /* Resources */,
				F9F90369284BBF2D005EDC32 /* LandmarksApp.swift */,
				F9F9039D284C19ED005EDC32 /* Views */,
				F9F9039E284C19FA005EDC32 /* Model */,
				F9F9036D284BBF2E005EDC32 /* Assets.xcassets */,
				F9F9036F284BBF2E005EDC32 /* Preview Content */,
			);
			path = Landmarks;
			sourceTree = "<group>";
		};
		F9F9036F284BBF2E005EDC32 /* Preview Content */ = {
			isa = PBXGroup;
			children = (
				F9F90370284BBF2E005EDC32 /* Preview Assets.xcassets */,
			);
			path = "Preview Content";
			sourceTree = "<group>";
		};
		F9F90379284BBF2F005EDC32 /* LandmarksTests */ = {
			isa = PBXGroup;
			children = (
				F9F9037A284BBF2F005EDC32 /* LandmarksTests.swift */,
			);
			path = LandmarksTests;
			sourceTree = "<group>";
		};
		F9F90383284BBF2F005EDC32 /* LandmarksUITests */ = {
			isa = PBXGroup;
			children = (
				F9F90384284BBF2F005EDC32 /* LandmarksUITests.swift */,
				F9F90386284BBF2F005EDC32 /* LandmarksUITestsLaunchTests.swift */,
			);
			path = LandmarksUITests;
			sourceTree = "<group>";
		};
		F9F9039D284C19ED005EDC32 /* Views */ = {
			isa = PBXGroup;
			children = (
				F91EB18328554BB300DDC708 /* PageView */,
				F92F352B285283F60037500E /* Profiles */,
				F92F3522285250150037500E /* Categories */,
				C7AC3C3028522D4E00184489 /* Hikes */,
				F909480828514C190060786C /* Badges */,
				F9F9036B284BBF2D005EDC32 /* ContentView.swift */,
				F989919E284E9FC50044037B /* Helpers */,
				F989919F284E9FCD0044037B /* Landmarks */,
			);
			path = Views;
			sourceTree = "<group>";
		};
		F9F9039E284C19FA005EDC32 /* Model */ = {
			isa = PBXGroup;
			children = (
				F9F90399284C181A005EDC32 /* Landmark.swift */,
				F9F9039B284C190A005EDC32 /* ModelData.swift */,
				C7AC3C2C285221AE00184489 /* Hike.swift */,
				F92F3529285283600037500E /* Profile.swift */,
			);
			path = Model;
			sourceTree = "<group>";
		};
		F9F9039F284C1A05005EDC32 /* Resources */ = {
			isa = PBXGroup;
			children = (
				F9F90397284C17F7005EDC32 /* landmarkData.json */,
				C7AC3C2A2852215600184489 /* hikeData.json */,
			);
			path = Resources;
			sourceTree = "<group>";
		};
/* End PBXGroup section */

/* Begin PBXNativeTarget section */
		F9F90365284BBF2D005EDC32 /* Landmarks */ = {
			isa = PBXNativeTarget;
			buildConfigurationList = F9F9038A284BBF2F005EDC32 /* Build configuration list for PBXNativeTarget "Landmarks" */;
			buildPhases = (
				F9F90362284BBF2D005EDC32 /* Sources */,
				F9F90363284BBF2D005EDC32 /* Frameworks */,
				F9F90364284BBF2D005EDC32 /* Resources */,
			);
			buildRules = (
			);
			dependencies = (
			);
			name = Landmarks;
			productName = Landmarks;
			productReference = F9F90366284BBF2D005EDC32 /* Landmarks.app */;
			productType = "com.apple.product-type.application";
		};
		F9F90375284BBF2F005EDC32 /* LandmarksTests */ = {
			isa = PBXNativeTarget;
			buildConfigurationList = F9F9038D284BBF2F005EDC32 /* Build configuration list for PBXNativeTarget "LandmarksTests" */;
			buildPhases = (
				F9F90372284BBF2F005EDC32 /* Sources */,
				F9F90373284BBF2F005EDC32 /* Frameworks */,
				F9F90374284BBF2F005EDC32 /* Resources */,
			);
			buildRules = (
			);
			dependencies = (
				F9F90378284BBF2F005EDC32 /* PBXTargetDependency */,
			);
			name = LandmarksTests;
			productName = LandmarksTests;
			productReference = F9F90376284BBF2F005EDC32 /* LandmarksTests.xctest */;
			productType = "com.apple.product-type.bundle.unit-test";
		};
		F9F9037F284BBF2F005EDC32 /* LandmarksUITests */ = {
			isa = PBXNativeTarget;
			buildConfigurationList = F9F90390284BBF2F005EDC32 /* Build configuration list for PBXNativeTarget "LandmarksUITests" */;
			buildPhases = (
				F9F9037C284BBF2F005EDC32 /* Sources */,
				F9F9037D284BBF2F005EDC32 /* Frameworks */,
				F9F9037E284BBF2F005EDC32 /* Resources */,
			);
			buildRules = (
			);
			dependencies = (
				F9F90382284BBF2F005EDC32 /* PBXTargetDependency */,
			);
			name = LandmarksUITests;
			productName = LandmarksUITests;
			productReference = F9F90380284BBF2F005EDC32 /* LandmarksUITests.xctest */;
			productType = "com.apple.product-type.bundle.ui-testing";
		};
/* End PBXNativeTarget section */

/* Begin PBXProject section */
		F9F9035E284BBF2D005EDC32 /* Project object */ = {
			isa = PBXProject;
			attributes = {
				BuildIndependentTargetsInParallel = 1;
				LastSwiftUpdateCheck = 1340;
				LastUpgradeCheck = 1340;
				TargetAttributes = {
					F9F90365284BBF2D005EDC32 = {
						CreatedOnToolsVersion = 13.4;
					};
					F9F90375284BBF2F005EDC32 = {
						CreatedOnToolsVersion = 13.4;
						TestTargetID = F9F90365284BBF2D005EDC32;
					};
					F9F9037F284BBF2F005EDC32 = {
						CreatedOnToolsVersion = 13.4;
						TestTargetID = F9F90365284BBF2D005EDC32;
					};
				};
			};
			buildConfigurationList = F9F90361284BBF2D005EDC32 /* Build configuration list for PBXProject "Landmarks" */;
			compatibilityVersion = "Xcode 13.0";
			developmentRegion = en;
			hasScannedForEncodings = 0;
			knownRegions = (
				en,
				Base,
			);
			mainGroup = F9F9035D284BBF2D005EDC32;
			productRefGroup = F9F90367284BBF2D005EDC32 /* Products */;
			projectDirPath = "";
			projectRoot = "";
			targets = (
				F9F90365284BBF2D005EDC32 /* Landmarks */,
				F9F90375284BBF2F005EDC32 /* LandmarksTests */,
				F9F9037F284BBF2F005EDC32 /* LandmarksUITests */,
			);
		};
/* End PBXProject section */

/* Begin PBXResourcesBuildPhase section */
		F9F90364284BBF2D005EDC32 /* Resources */ = {
			isa = PBXResourcesBuildPhase;
			buildActionMask = 2147483647;
			files = (
				C7AC3C2B2852215600184489 /* hikeData.json in Resources */,
				F9F90371284BBF2E005EDC32 /* Preview Assets.xcassets in Resources */,
				F9F9036E284BBF2E005EDC32 /* Assets.xcassets in Resources */,
				F9F90398284C17F7005EDC32 /* landmarkData.json in Resources */,
			);
			runOnlyForDeploymentPostprocessing = 0;
		};
		F9F90374284BBF2F005EDC32 /* Resources */ = {
			isa = PBXResourcesBuildPhase;
			buildActionMask = 2147483647;
			files = (
			);
			runOnlyForDeploymentPostprocessing = 0;
		};
		F9F9037E284BBF2F005EDC32 /* Resources */ = {
			isa = PBXResourcesBuildPhase;
			buildActionMask = 2147483647;
			files = (
			);
			runOnlyForDeploymentPostprocessing = 0;
		};
/* End PBXResourcesBuildPhase section */

/* Begin PBXSourcesBuildPhase section */
		F9F90362284BBF2D005EDC32 /* Sources */ = {
			isa = PBXSourcesBuildPhase;
			buildActionMask = 2147483647;
			files = (
				F92F35262852517B0037500E /* CategoryRow.swift in Sources */,
				F92F352A285283600037500E /* Profile.swift in Sources */,
				C7AC3C2D285221AE00184489 /* Hike.swift in Sources */,
				F92F35242852501E0037500E /* CategoryHome.swift in Sources */,
				F91EB18728554E2000DDC708 /* FeatureCard.swift in Sources */,
				C7AC3C3628522D4E00184489 /* HikeGraph.swift in Sources */,
				F9F9036C284BBF2D005EDC32 /* ContentView.swift in Sources */,
				F909480728514B190060786C /* Badge.swift in Sources */,
				C7AC3C3528522D4E00184489 /* GraphCapsule.swift in Sources */,
				F9F90396284BC3C3005EDC32 /* MapView.swift in Sources */,
				F9F9036A284BBF2D005EDC32 /* LandmarksApp.swift in Sources */,
				F92F35282852802B0037500E /* CategoryItem.swift in Sources */,
				C7AC3C3728522D4E00184489 /* HikeDetail.swift in Sources */,
				F92F352F285284340037500E /* ProfileSummary.swift in Sources */,
				F989919D284E9F400044037B /* FavoriteButton.swift in Sources */,
				F92F352D285283FF0037500E /* ProfileHost.swift in Sources */,
				F92D56092850009400D5AA5A /* HexagonParameters.swift in Sources */,
				F909480528514ACC0060786C /* RotatedBadgeSymbol.swift in Sources */,
				F91EB18928554F9F00DDC708 /* PageView.swift in Sources */,
				F92D560D28500A2100D5AA5A /* BadgeSymbol.swift in Sources */,
				F92F3533285288AF0037500E /* ProfileEditor.swift in Sources */,
				F9F903A3284D2EA6005EDC32 /* LandmarkList.swift in Sources */,
				C7AC3C3828522D4E00184489 /* HikeView.swift in Sources */,
				F9F903A5284D2F1F005EDC32 /* LandmarkDetail.swift in Sources */,
				F91EB18528554BC200DDC708 /* PageViewController.swift in Sources */,
				F92D560B2850023C00D5AA5A /* BadgeBackground.swift in Sources */,
				F92F3531285285130037500E /* HikeBadge.swift in Sources */,
				F9F90394284BC272005EDC32 /* CircleImage.swift in Sources */,
				F9F9039A284C181A005EDC32 /* Landmark.swift in Sources */,
				F9F903A1284D2D45005EDC32 /* LandmarkRow.swift in Sources */,
				F9F9039C284C190A005EDC32 /* ModelData.swift in Sources */,
			);
			runOnlyForDeploymentPostprocessing = 0;
		};
		F9F90372284BBF2F005EDC32 /* Sources */ = {
			isa = PBXSourcesBuildPhase;
			buildActionMask = 2147483647;
			files = (
				F9F9037B284BBF2F005EDC32 /* LandmarksTests.swift in Sources */,
			);
			runOnlyForDeploymentPostprocessing = 0;
		};
		F9F9037C284BBF2F005EDC32 /* Sources */ = {
			isa = PBXSourcesBuildPhase;
			buildActionMask = 2147483647;
			files = (
				F9F90387284BBF2F005EDC32 /* LandmarksUITestsLaunchTests.swift in Sources */,
				F9F90385284BBF2F005EDC32 /* LandmarksUITests.swift in Sources */,
			);
			runOnlyForDeploymentPostprocessing = 0;
		};
/* End PBXSourcesBuildPhase section */

/* Begin PBXTargetDependency section */
		F9F90378284BBF2F005EDC32 /* PBXTargetDependency */ = {
			isa = PBXTargetDependency;
			target = F9F90365284BBF2D005EDC32 /* Landmarks */;
			targetProxy = F9F90377284BBF2F005EDC32 /* PBXContainerItemProxy */;
		};
		F9F90382284BBF2F005EDC32 /* PBXTargetDependency */ = {
			isa = PBXTargetDependency;
			target = F9F90365284BBF2D005EDC32 /* Landmarks */;
			targetProxy = F9F90381284BBF2F005EDC32 /* PBXContainerItemProxy */;
		};
/* End PBXTargetDependency section */

/* Begin XCBuildConfiguration section */
		F9F90388284BBF2F005EDC32 /* Debug */ = {
			isa = XCBuildConfiguration;
			buildSettings = {
				ALWAYS_SEARCH_USER_PATHS = NO;
				CLANG_ANALYZER_NONNULL = YES;
				CLANG_ANALYZER_NUMBER_OBJECT_CONVERSION = YES_AGGRESSIVE;
				CLANG_CXX_LANGUAGE_STANDARD = "gnu++17";
				CLANG_ENABLE_MODULES = YES;
				CLANG_ENABLE_OBJC_ARC = YES;
				CLANG_ENABLE_OBJC_WEAK = YES;
				CLANG_WARN_BLOCK_CAPTURE_AUTORELEASING = YES;
				CLANG_WARN_BOOL_CONVERSION = YES;
				CLANG_WARN_COMMA = YES;
				CLANG_WARN_CONSTANT_CONVERSION = YES;
				CLANG_WARN_DEPRECATED_OBJC_IMPLEMENTATIONS = YES;
				CLANG_WARN_DIRECT_OBJC_ISA_USAGE = YES_ERROR;
				CLANG_WARN_DOCUMENTATION_COMMENTS = YES;
				CLANG_WARN_EMPTY_BODY = YES;
				CLANG_WARN_ENUM_CONVERSION = YES;
				CLANG_WARN_INFINITE_RECURSION = YES;
				CLANG_WARN_INT_CONVERSION = YES;
				CLANG_WARN_NON_LITERAL_NULL_CONVERSION = YES;
				CLANG_WARN_OBJC_IMPLICIT_RETAIN_SELF = YES;
				CLANG_WARN_OBJC_LITERAL_CONVERSION = YES;
				CLANG_WARN_OBJC_ROOT_CLASS = YES_ERROR;
				CLANG_WARN_QUOTED_INCLUDE_IN_FRAMEWORK_HEADER = YES;
				CLANG_WARN_RANGE_LOOP_ANALYSIS = YES;
				CLANG_WARN_STRICT_PROTOTYPES = YES;
				CLANG_WARN_SUSPICIOUS_MOVE = YES;
				CLANG_WARN_UNGUARDED_AVAILABILITY = YES_AGGRESSIVE;
				CLANG_WARN_UNREACHABLE_CODE = YES;
				CLANG_WARN__DUPLICATE_METHOD_MATCH = YES;
				COPY_PHASE_STRIP = NO;
				DEBUG_INFORMATION_FORMAT = dwarf;
				ENABLE_STRICT_OBJC_MSGSEND = YES;
				ENABLE_TESTABILITY = YES;
				GCC_C_LANGUAGE_STANDARD = gnu11;
				GCC_DYNAMIC_NO_PIC = NO;
				GCC_NO_COMMON_BLOCKS = YES;
				GCC_OPTIMIZATION_LEVEL = 0;
				GCC_PREPROCESSOR_DEFINITIONS = (
					"DEBUG=1",
					"$(inherited)",
				);
				GCC_WARN_64_TO_32_BIT_CONVERSION = YES;
				GCC_WARN_ABOUT_RETURN_TYPE = YES_ERROR;
				GCC_WARN_UNDECLARED_SELECTOR = YES;
				GCC_WARN_UNINITIALIZED_AUTOS = YES_AGGRESSIVE;
				GCC_WARN_UNUSED_FUNCTION = YES;
				GCC_WARN_UNUSED_VARIABLE = YES;
				IPHONEOS_DEPLOYMENT_TARGET = 15.5;
				MTL_ENABLE_DEBUG_INFO = INCLUDE_SOURCE;
				MTL_FAST_MATH = YES;
				ONLY_ACTIVE_ARCH = YES;
				SDKROOT = iphoneos;
				SWIFT_ACTIVE_COMPILATION_CONDITIONS = DEBUG;
				SWIFT_OPTIMIZATION_LEVEL = "-Onone";
			};
			name = Debug;
		};
		F9F90389284BBF2F005EDC32 /* Release */ = {
			isa = XCBuildConfiguration;
			buildSettings = {
				ALWAYS_SEARCH_USER_PATHS = NO;
				CLANG_ANALYZER_NONNULL = YES;
				CLANG_ANALYZER_NUMBER_OBJECT_CONVERSION = YES_AGGRESSIVE;
				CLANG_CXX_LANGUAGE_STANDARD = "gnu++17";
				CLANG_ENABLE_MODULES = YES;
				CLANG_ENABLE_OBJC_ARC = YES;
				CLANG_ENABLE_OBJC_WEAK = YES;
				CLANG_WARN_BLOCK_CAPTURE_AUTORELEASING = YES;
				CLANG_WARN_BOOL_CONVERSION = YES;
				CLANG_WARN_COMMA = YES;
				CLANG_WARN_CONSTANT_CONVERSION = YES;
				CLANG_WARN_DEPRECATED_OBJC_IMPLEMENTATIONS = YES;
				CLANG_WARN_DIRECT_OBJC_ISA_USAGE = YES_ERROR;
				CLANG_WARN_DOCUMENTATION_COMMENTS = YES;
				CLANG_WARN_EMPTY_BODY = YES;
				CLANG_WARN_ENUM_CONVERSION = YES;
				CLANG_WARN_INFINITE_RECURSION = YES;
				CLANG_WARN_INT_CONVERSION = YES;
				CLANG_WARN_NON_LITERAL_NULL_CONVERSION = YES;
				CLANG_WARN_OBJC_IMPLICIT_RETAIN_SELF = YES;
				CLANG_WARN_OBJC_LITERAL_CONVERSION = YES;
				CLANG_WARN_OBJC_ROOT_CLASS = YES_ERROR;
				CLANG_WARN_QUOTED_INCLUDE_IN_FRAMEWORK_HEADER = YES;
				CLANG_WARN_RANGE_LOOP_ANALYSIS = YES;
				CLANG_WARN_STRICT_PROTOTYPES = YES;
				CLANG_WARN_SUSPICIOUS_MOVE = YES;
				CLANG_WARN_UNGUARDED_AVAILABILITY = YES_AGGRESSIVE;
				CLANG_WARN_UNREACHABLE_CODE = YES;
				CLANG_WARN__DUPLICATE_METHOD_MATCH = YES;
				COPY_PHASE_STRIP = NO;
				DEBUG_INFORMATION_FORMAT = "dwarf-with-dsym";
				ENABLE_NS_ASSERTIONS = NO;
				ENABLE_STRICT_OBJC_MSGSEND = YES;
				GCC_C_LANGUAGE_STANDARD = gnu11;
				GCC_NO_COMMON_BLOCKS = YES;
				GCC_WARN_64_TO_32_BIT_CONVERSION = YES;
				GCC_WARN_ABOUT_RETURN_TYPE = YES_ERROR;
				GCC_WARN_UNDECLARED_SELECTOR = YES;
				GCC_WARN_UNINITIALIZED_AUTOS = YES_AGGRESSIVE;
				GCC_WARN_UNUSED_FUNCTION = YES;
				GCC_WARN_UNUSED_VARIABLE = YES;
				IPHONEOS_DEPLOYMENT_TARGET = 15.5;
				MTL_ENABLE_DEBUG_INFO = NO;
				MTL_FAST_MATH = YES;
				SDKROOT = iphoneos;
				SWIFT_COMPILATION_MODE = wholemodule;
				SWIFT_OPTIMIZATION_LEVEL = "-O";
				VALIDATE_PRODUCT = YES;
			};
			name = Release;
		};
		F9F9038B284BBF2F005EDC32 /* Debug */ = {
			isa = XCBuildConfiguration;
			buildSettings = {
				ASSETCATALOG_COMPILER_APPICON_NAME = AppIcon;
				ASSETCATALOG_COMPILER_GLOBAL_ACCENT_COLOR_NAME = AccentColor;
				CODE_SIGN_STYLE = Automatic;
				CURRENT_PROJECT_VERSION = 1;
				DEVELOPMENT_ASSET_PATHS = "\"Landmarks/Preview Content\"";
				DEVELOPMENT_TEAM = 7NA23KR8V6;
				ENABLE_PREVIEWS = YES;
				GENERATE_INFOPLIST_FILE = YES;
				INFOPLIST_KEY_UIApplicationSceneManifest_Generation = YES;
				INFOPLIST_KEY_UIApplicationSupportsIndirectInputEvents = YES;
				INFOPLIST_KEY_UILaunchScreen_Generation = YES;
				INFOPLIST_KEY_UISupportedInterfaceOrientations_iPad = "UIInterfaceOrientationPortrait UIInterfaceOrientationPortraitUpsideDown UIInterfaceOrientationLandscapeLeft UIInterfaceOrientationLandscapeRight";
				INFOPLIST_KEY_UISupportedInterfaceOrientations_iPhone = "UIInterfaceOrientationPortrait UIInterfaceOrientationLandscapeLeft UIInterfaceOrientationLandscapeRight";
				LD_RUNPATH_SEARCH_PATHS = (
					"$(inherited)",
					"@executable_path/Frameworks",
				);
				MARKETING_VERSION = 1.0;
				PRODUCT_BUNDLE_IDENTIFIER = dev.moroz.Landmarks;
				PRODUCT_NAME = "$(TARGET_NAME)";
				SWIFT_EMIT_LOC_STRINGS = YES;
				SWIFT_VERSION = 5.0;
				TARGETED_DEVICE_FAMILY = "1,2";
			};
			name = Debug;
		};
		F9F9038C284BBF2F005EDC32 /* Release */ = {
			isa = XCBuildConfiguration;
			buildSettings = {
				ASSETCATALOG_COMPILER_APPICON_NAME = AppIcon;
				ASSETCATALOG_COMPILER_GLOBAL_ACCENT_COLOR_NAME = AccentColor;
				CODE_SIGN_STYLE = Automatic;
				CURRENT_PROJECT_VERSION = 1;
				DEVELOPMENT_ASSET_PATHS = "\"Landmarks/Preview Content\"";
				DEVELOPMENT_TEAM = 7NA23KR8V6;
				ENABLE_PREVIEWS = YES;
				GENERATE_INFOPLIST_FILE = YES;
				INFOPLIST_KEY_UIApplicationSceneManifest_Generation = YES;
				INFOPLIST_KEY_UIApplicationSupportsIndirectInputEvents = YES;
				INFOPLIST_KEY_UILaunchScreen_Generation = YES;
				INFOPLIST_KEY_UISupportedInterfaceOrientations_iPad = "UIInterfaceOrientationPortrait UIInterfaceOrientationPortraitUpsideDown UIInterfaceOrientationLandscapeLeft UIInterfaceOrientationLandscapeRight";
				INFOPLIST_KEY_UISupportedInterfaceOrientations_iPhone = "UIInterfaceOrientationPortrait UIInterfaceOrientationLandscapeLeft UIInterfaceOrientationLandscapeRight";
				LD_RUNPATH_SEARCH_PATHS = (
					"$(inherited)",
					"@executable_path/Frameworks",
				);
				MARKETING_VERSION = 1.0;
				PRODUCT_BUNDLE_IDENTIFIER = dev.moroz.Landmarks;
				PRODUCT_NAME = "$(TARGET_NAME)";
				SWIFT_EMIT_LOC_STRINGS = YES;
				SWIFT_VERSION = 5.0;
				TARGETED_DEVICE_FAMILY = "1,2";
			};
			name = Release;
		};
		F9F9038E284BBF2F005EDC32 /* Debug */ = {
			isa = XCBuildConfiguration;
			buildSettings = {
				ALWAYS_EMBED_SWIFT_STANDARD_LIBRARIES = YES;
				BUNDLE_LOADER = "$(TEST_HOST)";
				CODE_SIGN_STYLE = Automatic;
				CURRENT_PROJECT_VERSION = 1;
				DEVELOPMENT_TEAM = 7NA23KR8V6;
				GENERATE_INFOPLIST_FILE = YES;
				IPHONEOS_DEPLOYMENT_TARGET = 15.5;
				MARKETING_VERSION = 1.0;
				PRODUCT_BUNDLE_IDENTIFIER = dev.moroz.LandmarksTests;
				PRODUCT_NAME = "$(TARGET_NAME)";
				SWIFT_EMIT_LOC_STRINGS = NO;
				SWIFT_VERSION = 5.0;
				TARGETED_DEVICE_FAMILY = "1,2";
				TEST_HOST = "$(BUILT_PRODUCTS_DIR)/Landmarks.app/Landmarks";
			};
			name = Debug;
		};
		F9F9038F284BBF2F005EDC32 /* Release */ = {
			isa = XCBuildConfiguration;
			buildSettings = {
				ALWAYS_EMBED_SWIFT_STANDARD_LIBRARIES = YES;
				BUNDLE_LOADER = "$(TEST_HOST)";
				CODE_SIGN_STYLE = Automatic;
				CURRENT_PROJECT_VERSION = 1;
				DEVELOPMENT_TEAM = 7NA23KR8V6;
				GENERATE_INFOPLIST_FILE = YES;
				IPHONEOS_DEPLOYMENT_TARGET = 15.5;
				MARKETING_VERSION = 1.0;
				PRODUCT_BUNDLE_IDENTIFIER = dev.moroz.LandmarksTests;
				PRODUCT_NAME = "$(TARGET_NAME)";
				SWIFT_EMIT_LOC_STRINGS = NO;
				SWIFT_VERSION = 5.0;
				TARGETED_DEVICE_FAMILY = "1,2";
				TEST_HOST = "$(BUILT_PRODUCTS_DIR)/Landmarks.app/Landmarks";
			};
			name = Release;
		};
		F9F90391284BBF2F005EDC32 /* Debug */ = {
			isa = XCBuildConfiguration;
			buildSettings = {
				ALWAYS_EMBED_SWIFT_STANDARD_LIBRARIES = YES;
				CODE_SIGN_STYLE = Automatic;
				CURRENT_PROJECT_VERSION = 1;
				DEVELOPMENT_TEAM = 7NA23KR8V6;
				GENERATE_INFOPLIST_FILE = YES;
				MARKETING_VERSION = 1.0;
				PRODUCT_BUNDLE_IDENTIFIER = dev.moroz.LandmarksUITests;
				PRODUCT_NAME = "$(TARGET_NAME)";
				SWIFT_EMIT_LOC_STRINGS = NO;
				SWIFT_VERSION = 5.0;
				TARGETED_DEVICE_FAMILY = "1,2";
				TEST_TARGET_NAME = Landmarks;
			};
			name = Debug;
		};
		F9F90392284BBF2F005EDC32 /* Release */ = {
			isa = XCBuildConfiguration;
			buildSettings = {
				ALWAYS_EMBED_SWIFT_STANDARD_LIBRARIES = YES;
				CODE_SIGN_STYLE = Automatic;
				CURRENT_PROJECT_VERSION = 1;
				DEVELOPMENT_TEAM = 7NA23KR8V6;
				GENERATE_INFOPLIST_FILE = YES;
				MARKETING_VERSION = 1.0;
				PRODUCT_BUNDLE_IDENTIFIER = dev.moroz.LandmarksUITests;
				PRODUCT_NAME = "$(TARGET_NAME)";
				SWIFT_EMIT_LOC_STRINGS = NO;
				SWIFT_VERSION = 5.0;
				TARGETED_DEVICE_FAMILY = "1,2";
				TEST_TARGET_NAME = Landmarks;
			};
			name = Release;
		};
/* End XCBuildConfiguration section */

/* Begin XCConfigurationList section */
		F9F90361284BBF2D005EDC32 /* Build configuration list for PBXProject "Landmarks" */ = {
			isa = XCConfigurationList;
			buildConfigurations = (
				F9F90388284BBF2F005EDC32 /* Debug */,
				F9F90389284BBF2F005EDC32 /* Release */,
			);
			defaultConfigurationIsVisible = 0;
			defaultConfigurationName = Release;
		};
		F9F9038A284BBF2F005EDC32 /* Build configuration list for PBXNativeTarget "Landmarks" */ = {
			isa = XCConfigurationList;
			buildConfigurations = (
				F9F9038B284BBF2F005EDC32 /* Debug */,
				F9F9038C284BBF2F005EDC32 /* Release */,
			);
			defaultConfigurationIsVisible = 0;
			defaultConfigurationName = Release;
		};
		F9F9038D284BBF2F005EDC32 /* Build configuration list for PBXNativeTarget "LandmarksTests" */ = {
			isa = XCConfigurationList;
			buildConfigurations = (
				F9F9038E284BBF2F005EDC32 /* Debug */,
				F9F9038F284BBF2F005EDC32 /* Release */,
			);
			defaultConfigurationIsVisible = 0;
			defaultConfigurationName = Release;
		};
		F9F90390284BBF2F005EDC32 /* Build configuration list for PBXNativeTarget "LandmarksUITests" */ = {
			isa = XCConfigurationList;
			buildConfigurations = (
				F9F90391284BBF2F005EDC32 /* Debug */,
				F9F90392284BBF2F005EDC32 /* Release */,
			);
			defaultConfigurationIsVisible = 0;
			defaultConfigurationName = Release;
		};
/* End XCConfigurationList section */
	};
	rootObject = F9F9035E284BBF2D005EDC32 /* Project object */;
}
